
Microsoft Visual Studio Solution File, Format Version 12.00
# Visual Studio 15
VisualStudioVersion = 15.0.27130.2027
MinimumVisualStudioVersion = 10.0.40219.1
Project("{FAE04EC0-301F-11D3-BF4B-00C04F79EFBC}") = "DevNetworkBot", "DevNetworkBot.csproj", "{F56EF0D1-6570-460D-A6B5-B1201EB67987}"
EndProject
Global
	GlobalSection(SolutionConfigurationPlatforms) = preSolution
		Debug|Any CPU = Debug|Any CPU
		Release|Any CPU = Release|Any CPU
	EndGlobalSection
	GlobalSection(ProjectConfigurationPlatforms) = postSolution
		{F56EF0D1-6570-460D-A6B5-B1201EB67987}.Debug|Any CPU.ActiveCfg = Debug|Any CPU
		{F56EF0D1-6570-460D-A6B5-B1201EB67987}.Debug|Any CPU.Build.0 = Debug|Any CPU
		{F56EF0D1-6570-460D-A6B5-B1201EB67987}.Release|Any CPU.ActiveCfg = Release|Any CPU
		{F56EF0D1-6570-460D-A6B5-B1201EB67987}.Release|Any CPU.Build.0 = Release|Any CPU
	EndGlobalSection
	GlobalSection(SolutionProperties) = preSolution
		HideSolutionNode = FALSE
	EndGlobalSection
	GlobalSection(ExtensibilityGlobals) = postSolution
		SolutionGuid = {F0F691B9-7B23-4CDA-8829-0E76D0B22111}
	EndGlobalSection
EndGlobal
